
Microsoft Visual Studio Solution File, Format Version 12.00
# Visual Studio 15
VisualStudioVersion = 15.0.27703.2035
MinimumVisualStudioVersion = 10.0.40219.1
Project("{2150E333-8FDC-42A3-9474-1A3956D46DE8}") = "Api", "Api", "{0B57A119-CD64-4296-A23D-02A0E3024245}"
EndProject
Project("{2150E333-8FDC-42A3-9474-1A3956D46DE8}") = "Core", "Core", "{731A0B88-5E29-4223-82DF-DBAA113AFEF3}"
EndProject
Project("{2150E333-8FDC-42A3-9474-1A3956D46DE8}") = "Database", "Database", "{07D032BB-D618-4F27-8482-7298E51D88B7}"
EndProject
Project("{2150E333-8FDC-42A3-9474-1A3956D46DE8}") = "Infrastructure", "Infrastructure", "{9F2E8759-6EC6-4875-A6AA-3823F8610D22}"
EndProject
Project("{2150E333-8FDC-42A3-9474-1A3956D46DE8}") = "Presentation", "Presentation", "{6F01027D-2F45-4FB1-AA71-A34F58AA80E1}"
EndProject
Project("{2150E333-8FDC-42A3-9474-1A3956D46DE8}") = "Tests", "Tests", "{3628FF82-4514-4427-ADD0-534A6575C1DB}"
EndProject
Project("{FAE04EC0-301F-11D3-BF4B-00C04F79EFBC}") = "EA.Weee.Api", "EA.Weee.Api\EA.Weee.Api.csproj", "{F7F7E99C-659A-427F-AC04-52E0C1760480}"
EndProject
Project("{FAE04EC0-301F-11D3-BF4B-00C04F79EFBC}") = "EA.Weee.Api.Client", "EA.Weee.Api.Client\EA.Weee.Api.Client.csproj", "{B772429D-709E-4978-B105-A54606ACC29A}"
EndProject
Project("{FAE04EC0-301F-11D3-BF4B-00C04F79EFBC}") = "EA.Weee.Domain", "EA.Weee.Domain\EA.Weee.Domain.csproj", "{A987FFF6-5386-419E-AF0A-E6C74E3323CF}"
EndProject
Project("{FAE04EC0-301F-11D3-BF4B-00C04F79EFBC}") = "EA.Weee.RequestHandlers", "EA.Weee.RequestHandlers\EA.Weee.RequestHandlers.csproj", "{575A5355-B008-422A-B9B6-535CA2B5CC26}"
EndProject
Project("{FAE04EC0-301F-11D3-BF4B-00C04F79EFBC}") = "EA.Weee.Requests", "EA.Weee.Requests\EA.Weee.Requests.csproj", "{87FBB5CC-A732-4363-A158-39DBF3707407}"
EndProject
Project("{FAE04EC0-301F-11D3-BF4B-00C04F79EFBC}") = "EA.Weee.Database", "EA.Weee.Database\EA.Weee.Database.csproj", "{756BF689-A8AB-4CA7-869C-7ED95D7AA80B}"
EndProject
Project("{FAE04EC0-301F-11D3-BF4B-00C04F79EFBC}") = "EA.Weee.DataAccess", "EA.Weee.DataAccess\EA.Weee.DataAccess.csproj", "{46300373-D7AE-40AA-BF96-3FC3889825A4}"
EndProject
Project("{FAE04EC0-301F-11D3-BF4B-00C04F79EFBC}") = "EA.Weee.Web", "EA.Weee.Web\EA.Weee.Web.csproj", "{2E112D48-A841-4DB7-B96F-4211C4DA31C0}"
EndProject
Project("{FAE04EC0-301F-11D3-BF4B-00C04F79EFBC}") = "EA.Weee.Api.Tests.Unit", "EA.Weee.Api.Tests.Unit\EA.Weee.Api.Tests.Unit.csproj", "{C412684B-4659-4F79-8509-751F57D2CFFD}"
EndProject
Project("{FAE04EC0-301F-11D3-BF4B-00C04F79EFBC}") = "EA.Weee.RequestHandlers.Tests.Unit", "EA.Weee.RequestHandlers.Tests.Unit\EA.Weee.RequestHandlers.Tests.Unit.csproj", "{BD4A4188-DE05-44EB-A470-42AC15D61CD1}"
EndProject
Project("{FAE04EC0-301F-11D3-BF4B-00C04F79EFBC}") = "EA.Weee.DataAccess.Tests.Integration", "EA.Weee.DataAccess.Tests.Integration\EA.Weee.DataAccess.Tests.Integration.csproj", "{CD836184-27A3-4696-8AC7-1FC8AF06493C}"
EndProject
Project("{FAE04EC0-301F-11D3-BF4B-00C04F79EFBC}") = "EA.Weee.Domain.Tests.Unit", "EA.Weee.Domain.Tests.Unit\EA.Weee.Domain.Tests.Unit.csproj", "{AD40571C-6C48-4BF1-A459-1EF57ADE6406}"
EndProject
Project("{FAE04EC0-301F-11D3-BF4B-00C04F79EFBC}") = "EA.Weee.Web.Tests.Unit", "EA.Weee.Web.Tests.Unit\EA.Weee.Web.Tests.Unit.csproj", "{090AA2B3-3192-47BC-AE06-A6280C0EA28E}"
EndProject
Project("{FAE04EC0-301F-11D3-BF4B-00C04F79EFBC}") = "EA.Weee.Web.Tests.Integration", "EA.Weee.Web.Tests.Integration\EA.Weee.Web.Tests.Integration.csproj", "{CFC16DE7-D068-4998-9090-A79E2D031212}"
EndProject
Project("{FAE04EC0-301F-11D3-BF4B-00C04F79EFBC}") = "EA.Weee.Core", "EA.Weee.Core\EA.Weee.Core.csproj", "{75EFEE66-9358-4DE4-9A84-E7191EEC7DB8}"
EndProject
Project("{FAE04EC0-301F-11D3-BF4B-00C04F79EFBC}") = "EA.Weee.Core.Tests.Unit", "EA.Weee.Core.Tests.Unit\EA.Weee.Core.Tests.Unit.csproj", "{10930E82-4985-4F92-8C5A-65D15F0176BE}"
EndProject
Project("{FAE04EC0-301F-11D3-BF4B-00C04F79EFBC}") = "EA.Weee.Web.Maintenance", "EA.Weee.Web.Maintenance\EA.Weee.Web.Maintenance.csproj", "{7953D271-37A7-45BF-8220-FE1A65B40254}"
EndProject
Project("{FAE04EC0-301F-11D3-BF4B-00C04F79EFBC}") = "EA.Weee.Email", "EA.Weee.Email\EA.Weee.Email.csproj", "{22DD3186-14CE-41E6-916D-643D4DEE8B48}"
EndProject
Project("{FAE04EC0-301F-11D3-BF4B-00C04F79EFBC}") = "EA.Weee.XmlValidation", "EA.Weee.XmlValidation\EA.Weee.XmlValidation.csproj", "{DE6EA3D2-5F5F-4DA6-B3A2-DA97B757096C}"
EndProject
Project("{FAE04EC0-301F-11D3-BF4B-00C04F79EFBC}") = "EA.Weee.Xml", "EA.Weee.Xml\EA.Weee.Xml.csproj", "{A0C346A3-F2CC-4ACD-80A3-0E99C3DC1C03}"
EndProject
Project("{FAE04EC0-301F-11D3-BF4B-00C04F79EFBC}") = "EA.Weee.XmlValidation.Tests.Unit", "EA.Weee.XmlValidation.Tests.Unit\EA.Weee.XmlValidation.Tests.Unit.csproj", "{9E453AF7-CBDD-4136-980C-1D99425A3E10}"
EndProject
Project("{FAE04EC0-301F-11D3-BF4B-00C04F79EFBC}") = "EA.Weee.Xml.Tests.Unit", "EA.Weee.Xml.Tests.Unit\EA.Weee.Xml.Tests.Unit.csproj", "{C91384FB-0676-497B-9440-9B3AD36D56D1}"
EndProject
Project("{FAE04EC0-301F-11D3-BF4B-00C04F79EFBC}") = "EA.Weee.Tests.Core", "EA.Weee.Tests.Core\EA.Weee.Tests.Core.csproj", "{0162D3E9-CD9B-478D-A6B4-0638C96BCF14}"
EndProject
Project("{FAE04EC0-301F-11D3-BF4B-00C04F79EFBC}") = "EA.Weee.XmlValidation.Tests.DataAccess", "EA.Weee.XmlValidation.Tests.DataAccess\EA.Weee.XmlValidation.Tests.DataAccess.csproj", "{111620A5-024A-415C-8B5D-9D9A477D9BAE}"
EndProject
Project("{FAE04EC0-301F-11D3-BF4B-00C04F79EFBC}") = "EA.Weee.RequestHandlers.Tests.DataAccess", "EA.Weee.RequestHandlers.Tests.DataAccess\EA.Weee.RequestHandlers.Tests.DataAccess.csproj", "{F4B25C37-3497-478A-AC13-63DE28F65A8A}"
EndProject
Project("{FAE04EC0-301F-11D3-BF4B-00C04F79EFBC}") = "EA.Weee.DataAccess.Tests.DataAccess", "EA.Weee.DataAccess.Tests.DataAccess\EA.Weee.DataAccess.Tests.DataAccess.csproj", "{A91F265E-68E5-408B-A077-EF47FB2DC54D}"
EndProject
Project("{FAE04EC0-301F-11D3-BF4B-00C04F79EFBC}") = "EA.Weee.Ibis", "EA.Weee.Ibis\EA.Weee.Ibis.csproj", "{C3C69BF6-3716-4123-83EE-4C64B19C5377}"
EndProject
Project("{FAE04EC0-301F-11D3-BF4B-00C04F79EFBC}") = "EA.Weee.Ibis.Tests.Unit", "EA.Weee.Ibis.Tests.Unit\EA.Weee.Ibis.Tests.Unit.csproj", "{98E4454F-EE98-49C5-8298-353B23EE5437}"
EndProject
Project("{FAE04EC0-301F-11D3-BF4B-00C04F79EFBC}") = "EA.Weee.Security", "EA.Weee.Security\EA.Weee.Security.csproj", "{99377736-A123-4823-BC63-E9AFC9C0A25C}"
EndProject
Project("{FAE04EC0-301F-11D3-BF4B-00C04F79EFBC}") = "EA.Weee.Email.Tests.Unit", "EA.Weee.Email.Tests.Unit\EA.Weee.Email.Tests.Unit.csproj", "{1DB88549-74A2-4589-B265-7CCF7F27687E}"
EndProject
Project("{FAE04EC0-301F-11D3-BF4B-00C04F79EFBC}") = "EA.Weee.Email.Tests.DataAccess", "EA.Weee.Email.Tests.DataAccess\EA.Weee.Email.Tests.DataAccess.csproj", "{5C05870F-5355-4064-8B46-8F748DC89618}"
EndProject
Global
	GlobalSection(SolutionConfigurationPlatforms) = preSolution
		Debug|Any CPU = Debug|Any CPU
		Release|Any CPU = Release|Any CPU
	EndGlobalSection
	GlobalSection(ProjectConfigurationPlatforms) = postSolution
		{F7F7E99C-659A-427F-AC04-52E0C1760480}.Debug|Any CPU.ActiveCfg = Debug|Any CPU
		{F7F7E99C-659A-427F-AC04-52E0C1760480}.Debug|Any CPU.Build.0 = Debug|Any CPU
		{F7F7E99C-659A-427F-AC04-52E0C1760480}.Release|Any CPU.ActiveCfg = Release|Any CPU
		{F7F7E99C-659A-427F-AC04-52E0C1760480}.Release|Any CPU.Build.0 = Release|Any CPU
		{B772429D-709E-4978-B105-A54606ACC29A}.Debug|Any CPU.ActiveCfg = Debug|Any CPU
		{B772429D-709E-4978-B105-A54606ACC29A}.Debug|Any CPU.Build.0 = Debug|Any CPU
		{B772429D-709E-4978-B105-A54606ACC29A}.Release|Any CPU.ActiveCfg = Release|Any CPU
		{B772429D-709E-4978-B105-A54606ACC29A}.Release|Any CPU.Build.0 = Release|Any CPU
		{A987FFF6-5386-419E-AF0A-E6C74E3323CF}.Debug|Any CPU.ActiveCfg = Debug|Any CPU
		{A987FFF6-5386-419E-AF0A-E6C74E3323CF}.Debug|Any CPU.Build.0 = Debug|Any CPU
		{A987FFF6-5386-419E-AF0A-E6C74E3323CF}.Release|Any CPU.ActiveCfg = Release|Any CPU
		{A987FFF6-5386-419E-AF0A-E6C74E3323CF}.Release|Any CPU.Build.0 = Release|Any CPU
		{575A5355-B008-422A-B9B6-535CA2B5CC26}.Debug|Any CPU.ActiveCfg = Debug|Any CPU
		{575A5355-B008-422A-B9B6-535CA2B5CC26}.Debug|Any CPU.Build.0 = Debug|Any CPU
		{575A5355-B008-422A-B9B6-535CA2B5CC26}.Release|Any CPU.ActiveCfg = Release|Any CPU
		{575A5355-B008-422A-B9B6-535CA2B5CC26}.Release|Any CPU.Build.0 = Release|Any CPU
		{87FBB5CC-A732-4363-A158-39DBF3707407}.Debug|Any CPU.ActiveCfg = Debug|Any CPU
		{87FBB5CC-A732-4363-A158-39DBF3707407}.Debug|Any CPU.Build.0 = Debug|Any CPU
		{87FBB5CC-A732-4363-A158-39DBF3707407}.Release|Any CPU.ActiveCfg = Release|Any CPU
		{87FBB5CC-A732-4363-A158-39DBF3707407}.Release|Any CPU.Build.0 = Release|Any CPU
		{756BF689-A8AB-4CA7-869C-7ED95D7AA80B}.Debug|Any CPU.ActiveCfg = Debug|Any CPU
		{756BF689-A8AB-4CA7-869C-7ED95D7AA80B}.Debug|Any CPU.Build.0 = Debug|Any CPU
		{756BF689-A8AB-4CA7-869C-7ED95D7AA80B}.Release|Any CPU.ActiveCfg = Release|Any CPU
		{756BF689-A8AB-4CA7-869C-7ED95D7AA80B}.Release|Any CPU.Build.0 = Release|Any CPU
		{46300373-D7AE-40AA-BF96-3FC3889825A4}.Debug|Any CPU.ActiveCfg = Debug|Any CPU
		{46300373-D7AE-40AA-BF96-3FC3889825A4}.Debug|Any CPU.Build.0 = Debug|Any CPU
		{46300373-D7AE-40AA-BF96-3FC3889825A4}.Release|Any CPU.ActiveCfg = Release|Any CPU
		{46300373-D7AE-40AA-BF96-3FC3889825A4}.Release|Any CPU.Build.0 = Release|Any CPU
		{2E112D48-A841-4DB7-B96F-4211C4DA31C0}.Debug|Any CPU.ActiveCfg = Debug|Any CPU
		{2E112D48-A841-4DB7-B96F-4211C4DA31C0}.Debug|Any CPU.Build.0 = Debug|Any CPU
		{2E112D48-A841-4DB7-B96F-4211C4DA31C0}.Release|Any CPU.ActiveCfg = Release|Any CPU
		{2E112D48-A841-4DB7-B96F-4211C4DA31C0}.Release|Any CPU.Build.0 = Release|Any CPU
		{C412684B-4659-4F79-8509-751F57D2CFFD}.Debug|Any CPU.ActiveCfg = Debug|Any CPU
		{C412684B-4659-4F79-8509-751F57D2CFFD}.Debug|Any CPU.Build.0 = Debug|Any CPU
		{C412684B-4659-4F79-8509-751F57D2CFFD}.Release|Any CPU.ActiveCfg = Release|Any CPU
		{C412684B-4659-4F79-8509-751F57D2CFFD}.Release|Any CPU.Build.0 = Release|Any CPU
		{BD4A4188-DE05-44EB-A470-42AC15D61CD1}.Debug|Any CPU.ActiveCfg = Debug|Any CPU
		{BD4A4188-DE05-44EB-A470-42AC15D61CD1}.Debug|Any CPU.Build.0 = Debug|Any CPU
		{BD4A4188-DE05-44EB-A470-42AC15D61CD1}.Release|Any CPU.ActiveCfg = Release|Any CPU
		{BD4A4188-DE05-44EB-A470-42AC15D61CD1}.Release|Any CPU.Build.0 = Release|Any CPU
		{CD836184-27A3-4696-8AC7-1FC8AF06493C}.Debug|Any CPU.ActiveCfg = Debug|Any CPU
		{CD836184-27A3-4696-8AC7-1FC8AF06493C}.Debug|Any CPU.Build.0 = Debug|Any CPU
		{CD836184-27A3-4696-8AC7-1FC8AF06493C}.Release|Any CPU.ActiveCfg = Release|Any CPU
		{CD836184-27A3-4696-8AC7-1FC8AF06493C}.Release|Any CPU.Build.0 = Release|Any CPU
		{AD40571C-6C48-4BF1-A459-1EF57ADE6406}.Debug|Any CPU.ActiveCfg = Debug|Any CPU
		{AD40571C-6C48-4BF1-A459-1EF57ADE6406}.Debug|Any CPU.Build.0 = Debug|Any CPU
		{AD40571C-6C48-4BF1-A459-1EF57ADE6406}.Release|Any CPU.ActiveCfg = Release|Any CPU
		{AD40571C-6C48-4BF1-A459-1EF57ADE6406}.Release|Any CPU.Build.0 = Release|Any CPU
		{090AA2B3-3192-47BC-AE06-A6280C0EA28E}.Debug|Any CPU.ActiveCfg = Debug|Any CPU
		{090AA2B3-3192-47BC-AE06-A6280C0EA28E}.Debug|Any CPU.Build.0 = Debug|Any CPU
		{090AA2B3-3192-47BC-AE06-A6280C0EA28E}.Release|Any CPU.ActiveCfg = Release|Any CPU
		{090AA2B3-3192-47BC-AE06-A6280C0EA28E}.Release|Any CPU.Build.0 = Release|Any CPU
		{CFC16DE7-D068-4998-9090-A79E2D031212}.Debug|Any CPU.ActiveCfg = Debug|Any CPU
		{CFC16DE7-D068-4998-9090-A79E2D031212}.Debug|Any CPU.Build.0 = Debug|Any CPU
		{CFC16DE7-D068-4998-9090-A79E2D031212}.Release|Any CPU.ActiveCfg = Release|Any CPU
		{CFC16DE7-D068-4998-9090-A79E2D031212}.Release|Any CPU.Build.0 = Release|Any CPU
		{75EFEE66-9358-4DE4-9A84-E7191EEC7DB8}.Debug|Any CPU.ActiveCfg = Debug|Any CPU
		{75EFEE66-9358-4DE4-9A84-E7191EEC7DB8}.Debug|Any CPU.Build.0 = Debug|Any CPU
		{75EFEE66-9358-4DE4-9A84-E7191EEC7DB8}.Release|Any CPU.ActiveCfg = Release|Any CPU
		{75EFEE66-9358-4DE4-9A84-E7191EEC7DB8}.Release|Any CPU.Build.0 = Release|Any CPU
		{10930E82-4985-4F92-8C5A-65D15F0176BE}.Debug|Any CPU.ActiveCfg = Debug|Any CPU
		{10930E82-4985-4F92-8C5A-65D15F0176BE}.Debug|Any CPU.Build.0 = Debug|Any CPU
		{10930E82-4985-4F92-8C5A-65D15F0176BE}.Release|Any CPU.ActiveCfg = Release|Any CPU
		{10930E82-4985-4F92-8C5A-65D15F0176BE}.Release|Any CPU.Build.0 = Release|Any CPU
		{7953D271-37A7-45BF-8220-FE1A65B40254}.Debug|Any CPU.ActiveCfg = Debug|Any CPU
		{7953D271-37A7-45BF-8220-FE1A65B40254}.Debug|Any CPU.Build.0 = Debug|Any CPU
		{7953D271-37A7-45BF-8220-FE1A65B40254}.Release|Any CPU.ActiveCfg = Release|Any CPU
		{7953D271-37A7-45BF-8220-FE1A65B40254}.Release|Any CPU.Build.0 = Release|Any CPU
		{22DD3186-14CE-41E6-916D-643D4DEE8B48}.Debug|Any CPU.ActiveCfg = Debug|Any CPU
		{22DD3186-14CE-41E6-916D-643D4DEE8B48}.Debug|Any CPU.Build.0 = Debug|Any CPU
		{22DD3186-14CE-41E6-916D-643D4DEE8B48}.Release|Any CPU.ActiveCfg = Release|Any CPU
		{22DD3186-14CE-41E6-916D-643D4DEE8B48}.Release|Any CPU.Build.0 = Release|Any CPU
		{DE6EA3D2-5F5F-4DA6-B3A2-DA97B757096C}.Debug|Any CPU.ActiveCfg = Debug|Any CPU
		{DE6EA3D2-5F5F-4DA6-B3A2-DA97B757096C}.Debug|Any CPU.Build.0 = Debug|Any CPU
		{DE6EA3D2-5F5F-4DA6-B3A2-DA97B757096C}.Release|Any CPU.ActiveCfg = Release|Any CPU
		{DE6EA3D2-5F5F-4DA6-B3A2-DA97B757096C}.Release|Any CPU.Build.0 = Release|Any CPU
		{A0C346A3-F2CC-4ACD-80A3-0E99C3DC1C03}.Debug|Any CPU.ActiveCfg = Debug|Any CPU
		{A0C346A3-F2CC-4ACD-80A3-0E99C3DC1C03}.Debug|Any CPU.Build.0 = Debug|Any CPU
		{A0C346A3-F2CC-4ACD-80A3-0E99C3DC1C03}.Release|Any CPU.ActiveCfg = Release|Any CPU
		{A0C346A3-F2CC-4ACD-80A3-0E99C3DC1C03}.Release|Any CPU.Build.0 = Release|Any CPU
		{9E453AF7-CBDD-4136-980C-1D99425A3E10}.Debug|Any CPU.ActiveCfg = Debug|Any CPU
		{9E453AF7-CBDD-4136-980C-1D99425A3E10}.Debug|Any CPU.Build.0 = Debug|Any CPU
		{9E453AF7-CBDD-4136-980C-1D99425A3E10}.Release|Any CPU.ActiveCfg = Release|Any CPU
		{9E453AF7-CBDD-4136-980C-1D99425A3E10}.Release|Any CPU.Build.0 = Release|Any CPU
		{C91384FB-0676-497B-9440-9B3AD36D56D1}.Debug|Any CPU.ActiveCfg = Debug|Any CPU
		{C91384FB-0676-497B-9440-9B3AD36D56D1}.Debug|Any CPU.Build.0 = Debug|Any CPU
		{C91384FB-0676-497B-9440-9B3AD36D56D1}.Release|Any CPU.ActiveCfg = Release|Any CPU
		{C91384FB-0676-497B-9440-9B3AD36D56D1}.Release|Any CPU.Build.0 = Release|Any CPU
		{0162D3E9-CD9B-478D-A6B4-0638C96BCF14}.Debug|Any CPU.ActiveCfg = Debug|Any CPU
		{0162D3E9-CD9B-478D-A6B4-0638C96BCF14}.Debug|Any CPU.Build.0 = Debug|Any CPU
		{0162D3E9-CD9B-478D-A6B4-0638C96BCF14}.Release|Any CPU.ActiveCfg = Release|Any CPU
		{0162D3E9-CD9B-478D-A6B4-0638C96BCF14}.Release|Any CPU.Build.0 = Release|Any CPU
		{111620A5-024A-415C-8B5D-9D9A477D9BAE}.Debug|Any CPU.ActiveCfg = Debug|Any CPU
		{111620A5-024A-415C-8B5D-9D9A477D9BAE}.Debug|Any CPU.Build.0 = Debug|Any CPU
		{111620A5-024A-415C-8B5D-9D9A477D9BAE}.Release|Any CPU.ActiveCfg = Release|Any CPU
		{111620A5-024A-415C-8B5D-9D9A477D9BAE}.Release|Any CPU.Build.0 = Release|Any CPU
		{F4B25C37-3497-478A-AC13-63DE28F65A8A}.Debug|Any CPU.ActiveCfg = Debug|Any CPU
		{F4B25C37-3497-478A-AC13-63DE28F65A8A}.Debug|Any CPU.Build.0 = Debug|Any CPU
		{F4B25C37-3497-478A-AC13-63DE28F65A8A}.Release|Any CPU.ActiveCfg = Release|Any CPU
		{F4B25C37-3497-478A-AC13-63DE28F65A8A}.Release|Any CPU.Build.0 = Release|Any CPU
		{A91F265E-68E5-408B-A077-EF47FB2DC54D}.Debug|Any CPU.ActiveCfg = Debug|Any CPU
		{A91F265E-68E5-408B-A077-EF47FB2DC54D}.Debug|Any CPU.Build.0 = Debug|Any CPU
		{A91F265E-68E5-408B-A077-EF47FB2DC54D}.Release|Any CPU.ActiveCfg = Release|Any CPU
		{A91F265E-68E5-408B-A077-EF47FB2DC54D}.Release|Any CPU.Build.0 = Release|Any CPU
		{C3C69BF6-3716-4123-83EE-4C64B19C5377}.Debug|Any CPU.ActiveCfg = Debug|Any CPU
		{C3C69BF6-3716-4123-83EE-4C64B19C5377}.Debug|Any CPU.Build.0 = Debug|Any CPU
		{C3C69BF6-3716-4123-83EE-4C64B19C5377}.Release|Any CPU.ActiveCfg = Release|Any CPU
		{C3C69BF6-3716-4123-83EE-4C64B19C5377}.Release|Any CPU.Build.0 = Release|Any CPU
		{98E4454F-EE98-49C5-8298-353B23EE5437}.Debug|Any CPU.ActiveCfg = Debug|Any CPU
		{98E4454F-EE98-49C5-8298-353B23EE5437}.Debug|Any CPU.Build.0 = Debug|Any CPU
		{98E4454F-EE98-49C5-8298-353B23EE5437}.Release|Any CPU.ActiveCfg = Release|Any CPU
		{98E4454F-EE98-49C5-8298-353B23EE5437}.Release|Any CPU.Build.0 = Release|Any CPU
		{99377736-A123-4823-BC63-E9AFC9C0A25C}.Debug|Any CPU.ActiveCfg = Debug|Any CPU
		{99377736-A123-4823-BC63-E9AFC9C0A25C}.Debug|Any CPU.Build.0 = Debug|Any CPU
		{99377736-A123-4823-BC63-E9AFC9C0A25C}.Release|Any CPU.ActiveCfg = Release|Any CPU
		{99377736-A123-4823-BC63-E9AFC9C0A25C}.Release|Any CPU.Build.0 = Release|Any CPU
		{1DB88549-74A2-4589-B265-7CCF7F27687E}.Debug|Any CPU.ActiveCfg = Debug|Any CPU
		{1DB88549-74A2-4589-B265-7CCF7F27687E}.Debug|Any CPU.Build.0 = Debug|Any CPU
		{1DB88549-74A2-4589-B265-7CCF7F27687E}.Release|Any CPU.ActiveCfg = Release|Any CPU
		{1DB88549-74A2-4589-B265-7CCF7F27687E}.Release|Any CPU.Build.0 = Release|Any CPU
		{5C05870F-5355-4064-8B46-8F748DC89618}.Debug|Any CPU.ActiveCfg = Debug|Any CPU
		{5C05870F-5355-4064-8B46-8F748DC89618}.Debug|Any CPU.Build.0 = Debug|Any CPU
		{5C05870F-5355-4064-8B46-8F748DC89618}.Release|Any CPU.ActiveCfg = Release|Any CPU
		{5C05870F-5355-4064-8B46-8F748DC89618}.Release|Any CPU.Build.0 = Release|Any CPU
	EndGlobalSection
	GlobalSection(SolutionProperties) = preSolution
		HideSolutionNode = FALSE
	EndGlobalSection
	GlobalSection(NestedProjects) = preSolution
		{F7F7E99C-659A-427F-AC04-52E0C1760480} = {0B57A119-CD64-4296-A23D-02A0E3024245}
		{B772429D-709E-4978-B105-A54606ACC29A} = {0B57A119-CD64-4296-A23D-02A0E3024245}
		{A987FFF6-5386-419E-AF0A-E6C74E3323CF} = {731A0B88-5E29-4223-82DF-DBAA113AFEF3}
		{575A5355-B008-422A-B9B6-535CA2B5CC26} = {731A0B88-5E29-4223-82DF-DBAA113AFEF3}
		{87FBB5CC-A732-4363-A158-39DBF3707407} = {731A0B88-5E29-4223-82DF-DBAA113AFEF3}
		{756BF689-A8AB-4CA7-869C-7ED95D7AA80B} = {07D032BB-D618-4F27-8482-7298E51D88B7}
		{46300373-D7AE-40AA-BF96-3FC3889825A4} = {9F2E8759-6EC6-4875-A6AA-3823F8610D22}
		{2E112D48-A841-4DB7-B96F-4211C4DA31C0} = {6F01027D-2F45-4FB1-AA71-A34F58AA80E1}
		{C412684B-4659-4F79-8509-751F57D2CFFD} = {3628FF82-4514-4427-ADD0-534A6575C1DB}
		{BD4A4188-DE05-44EB-A470-42AC15D61CD1} = {3628FF82-4514-4427-ADD0-534A6575C1DB}
		{CD836184-27A3-4696-8AC7-1FC8AF06493C} = {3628FF82-4514-4427-ADD0-534A6575C1DB}
		{AD40571C-6C48-4BF1-A459-1EF57ADE6406} = {3628FF82-4514-4427-ADD0-534A6575C1DB}
		{090AA2B3-3192-47BC-AE06-A6280C0EA28E} = {3628FF82-4514-4427-ADD0-534A6575C1DB}
		{CFC16DE7-D068-4998-9090-A79E2D031212} = {3628FF82-4514-4427-ADD0-534A6575C1DB}
		{75EFEE66-9358-4DE4-9A84-E7191EEC7DB8} = {731A0B88-5E29-4223-82DF-DBAA113AFEF3}
		{10930E82-4985-4F92-8C5A-65D15F0176BE} = {3628FF82-4514-4427-ADD0-534A6575C1DB}
		{7953D271-37A7-45BF-8220-FE1A65B40254} = {6F01027D-2F45-4FB1-AA71-A34F58AA80E1}
		{22DD3186-14CE-41E6-916D-643D4DEE8B48} = {731A0B88-5E29-4223-82DF-DBAA113AFEF3}
		{DE6EA3D2-5F5F-4DA6-B3A2-DA97B757096C} = {731A0B88-5E29-4223-82DF-DBAA113AFEF3}
		{A0C346A3-F2CC-4ACD-80A3-0E99C3DC1C03} = {731A0B88-5E29-4223-82DF-DBAA113AFEF3}
		{9E453AF7-CBDD-4136-980C-1D99425A3E10} = {3628FF82-4514-4427-ADD0-534A6575C1DB}
		{C91384FB-0676-497B-9440-9B3AD36D56D1} = {3628FF82-4514-4427-ADD0-534A6575C1DB}
		{0162D3E9-CD9B-478D-A6B4-0638C96BCF14} = {3628FF82-4514-4427-ADD0-534A6575C1DB}
		{111620A5-024A-415C-8B5D-9D9A477D9BAE} = {3628FF82-4514-4427-ADD0-534A6575C1DB}
		{F4B25C37-3497-478A-AC13-63DE28F65A8A} = {3628FF82-4514-4427-ADD0-534A6575C1DB}
		{A91F265E-68E5-408B-A077-EF47FB2DC54D} = {3628FF82-4514-4427-ADD0-534A6575C1DB}
		{C3C69BF6-3716-4123-83EE-4C64B19C5377} = {731A0B88-5E29-4223-82DF-DBAA113AFEF3}
		{98E4454F-EE98-49C5-8298-353B23EE5437} = {3628FF82-4514-4427-ADD0-534A6575C1DB}
		{99377736-A123-4823-BC63-E9AFC9C0A25C} = {731A0B88-5E29-4223-82DF-DBAA113AFEF3}
		{1DB88549-74A2-4589-B265-7CCF7F27687E} = {3628FF82-4514-4427-ADD0-534A6575C1DB}
		{5C05870F-5355-4064-8B46-8F748DC89618} = {3628FF82-4514-4427-ADD0-534A6575C1DB}
	EndGlobalSection
	GlobalSection(ExtensibilityGlobals) = postSolution
		SolutionGuid = {EB3B8BA6-8200-4706-9D3D-FD2C042691D2}
	EndGlobalSection
EndGlobal
